
Microsoft Visual Studio Solution File, Format Version 12.00
# Visual Studio Version 17
VisualStudioVersion = 17.14.36603.0 d17.14
MinimumVisualStudioVersion = 10.0.40219.1
Project("{FAE04EC0-301F-11D3-BF4B-00C04F79EFBC}") = "testingAPI", "testingAPI\testingAPI.csproj", "{4B60E4BA-75F3-44E3-ADC0-8B24136DEC55}"
EndProject
Global
	GlobalSection(SolutionConfigurationPlatforms) = preSolution
		Debug|Any CPU = Debug|Any CPU
		Release|Any CPU = Release|Any CPU
	EndGlobalSection
	GlobalSection(ProjectConfigurationPlatforms) = postSolution
		{4B60E4BA-75F3-44E3-ADC0-8B24136DEC55}.Debug|Any CPU.ActiveCfg = Debug|Any CPU
		{4B60E4BA-75F3-44E3-ADC0-8B24136DEC55}.Debug|Any CPU.Build.0 = Debug|Any CPU
		{4B60E4BA-75F3-44E3-ADC0-8B24136DEC55}.Release|Any CPU.ActiveCfg = Release|Any CPU
		{4B60E4BA-75F3-44E3-ADC0-8B24136DEC55}.Release|Any CPU.Build.0 = Release|Any CPU
	EndGlobalSection
	GlobalSection(SolutionProperties) = preSolution
		HideSolutionNode = FALSE
	EndGlobalSection
	GlobalSection(ExtensibilityGlobals) = postSolution
		SolutionGuid = {D6CFDAEC-D383-431E-AE5B-B05B25A68681}
	EndGlobalSection
EndGlobal
